
Microsoft Visual Studio Solution File, Format Version 12.00
# Visual Studio Version 17
VisualStudioVersion = 17.14.36429.23 d17.14
MinimumVisualStudioVersion = 10.0.40219.1
Project("{FAE04EC0-301F-11D3-BF4B-00C04F79EFBC}") = "CustomerOrderLib", "CustomerOrderLib\CustomerOrderLib.csproj", "{9800966D-56AF-4068-BB9A-5FBF71E0DC90}"
EndProject
Project("{FAE04EC0-301F-11D3-BF4B-00C04F79EFBC}") = "CustomerConsoleClient", "CustomerConsoleClient\CustomerConsoleClient.csproj", "{C5914CB3-994A-4689-ACD8-FDE6D2A1CEAE}"
EndProject
Global
	GlobalSection(SolutionConfigurationPlatforms) = preSolution
		Debug|Any CPU = Debug|Any CPU
		Release|Any CPU = Release|Any CPU
	EndGlobalSection
	GlobalSection(ProjectConfigurationPlatforms) = postSolution
		{9800966D-56AF-4068-BB9A-5FBF71E0DC90}.Debug|Any CPU.ActiveCfg = Debug|Any CPU
		{9800966D-56AF-4068-BB9A-5FBF71E0DC90}.Debug|Any CPU.Build.0 = Debug|Any CPU
		{9800966D-56AF-4068-BB9A-5FBF71E0DC90}.Release|Any CPU.ActiveCfg = Release|Any CPU
		{9800966D-56AF-4068-BB9A-5FBF71E0DC90}.Release|Any CPU.Build.0 = Release|Any CPU
		{C5914CB3-994A-4689-ACD8-FDE6D2A1CEAE}.Debug|Any CPU.ActiveCfg = Debug|Any CPU
		{C5914CB3-994A-4689-ACD8-FDE6D2A1CEAE}.Debug|Any CPU.Build.0 = Debug|Any CPU
		{C5914CB3-994A-4689-ACD8-FDE6D2A1CEAE}.Release|Any CPU.ActiveCfg = Release|Any CPU
		{C5914CB3-994A-4689-ACD8-FDE6D2A1CEAE}.Release|Any CPU.Build.0 = Release|Any CPU
	EndGlobalSection
	GlobalSection(SolutionProperties) = preSolution
		HideSolutionNode = FALSE
	EndGlobalSection
	GlobalSection(ExtensibilityGlobals) = postSolution
		SolutionGuid = {E0E87742-BD9C-452D-9F70-F9713E08E986}
	EndGlobalSection
EndGlobal
