
Microsoft Visual Studio Solution File, Format Version 12.00
# Visual Studio Version 17
VisualStudioVersion = 17.14.36429.23 d17.14
MinimumVisualStudioVersion = 10.0.40219.1
Project("{FAE04EC0-301F-11D3-BF4B-00C04F79EFBC}") = "AccountPolyMorphismApp", "AccountPolyMorphismApp\AccountPolyMorphismApp.csproj", "{74BFB8F1-C18E-4307-B7E6-425F2EC13D64}"
EndProject
Global
	GlobalSection(SolutionConfigurationPlatforms) = preSolution
		Debug|Any CPU = Debug|Any CPU
		Release|Any CPU = Release|Any CPU
	EndGlobalSection
	GlobalSection(ProjectConfigurationPlatforms) = postSolution
		{74BFB8F1-C18E-4307-B7E6-425F2EC13D64}.Debug|Any CPU.ActiveCfg = Debug|Any CPU
		{74BFB8F1-C18E-4307-B7E6-425F2EC13D64}.Debug|Any CPU.Build.0 = Debug|Any CPU
		{74BFB8F1-C18E-4307-B7E6-425F2EC13D64}.Release|Any CPU.ActiveCfg = Release|Any CPU
		{74BFB8F1-C18E-4307-B7E6-425F2EC13D64}.Release|Any CPU.Build.0 = Release|Any CPU
	EndGlobalSection
	GlobalSection(SolutionProperties) = preSolution
		HideSolutionNode = FALSE
	EndGlobalSection
	GlobalSection(ExtensibilityGlobals) = postSolution
		SolutionGuid = {C7EBB636-E881-405B-8F1E-4D70272C2A63}
	EndGlobalSection
EndGlobal
