
Microsoft Visual Studio Solution File, Format Version 12.00
# Visual Studio Version 17
VisualStudioVersion = 17.14.36429.23 d17.14
MinimumVisualStudioVersion = 10.0.40219.1
Project("{FAE04EC0-301F-11D3-BF4B-00C04F79EFBC}") = "NumberGuessingConsoleGame", "NumberGuessingConsoleGame\NumberGuessingConsoleGame.csproj", "{5D8F0C21-9843-4CC9-814A-8559412B430A}"
EndProject
Global
	GlobalSection(SolutionConfigurationPlatforms) = preSolution
		Debug|Any CPU = Debug|Any CPU
		Release|Any CPU = Release|Any CPU
	EndGlobalSection
	GlobalSection(ProjectConfigurationPlatforms) = postSolution
		{5D8F0C21-9843-4CC9-814A-8559412B430A}.Debug|Any CPU.ActiveCfg = Debug|Any CPU
		{5D8F0C21-9843-4CC9-814A-8559412B430A}.Debug|Any CPU.Build.0 = Debug|Any CPU
		{5D8F0C21-9843-4CC9-814A-8559412B430A}.Release|Any CPU.ActiveCfg = Release|Any CPU
		{5D8F0C21-9843-4CC9-814A-8559412B430A}.Release|Any CPU.Build.0 = Release|Any CPU
	EndGlobalSection
	GlobalSection(SolutionProperties) = preSolution
		HideSolutionNode = FALSE
	EndGlobalSection
	GlobalSection(ExtensibilityGlobals) = postSolution
		SolutionGuid = {FD36E63E-DE5D-47CA-AE1B-065181E6A0A1}
	EndGlobalSection
EndGlobal
