
Microsoft Visual Studio Solution File, Format Version 12.00
# Visual Studio Version 17
VisualStudioVersion = 17.14.36429.23 d17.14
MinimumVisualStudioVersion = 10.0.40219.1
Project("{FAE04EC0-301F-11D3-BF4B-00C04F79EFBC}") = "RectangleEncapulation", "RectangleEncapulation\RectangleEncapulation.csproj", "{DC8136E3-B7F5-43EF-A266-808E8FA761DC}"
EndProject
Global
	GlobalSection(SolutionConfigurationPlatforms) = preSolution
		Debug|Any CPU = Debug|Any CPU
		Release|Any CPU = Release|Any CPU
	EndGlobalSection
	GlobalSection(ProjectConfigurationPlatforms) = postSolution
		{DC8136E3-B7F5-43EF-A266-808E8FA761DC}.Debug|Any CPU.ActiveCfg = Debug|Any CPU
		{DC8136E3-B7F5-43EF-A266-808E8FA761DC}.Debug|Any CPU.Build.0 = Debug|Any CPU
		{DC8136E3-B7F5-43EF-A266-808E8FA761DC}.Release|Any CPU.ActiveCfg = Release|Any CPU
		{DC8136E3-B7F5-43EF-A266-808E8FA761DC}.Release|Any CPU.Build.0 = Release|Any CPU
	EndGlobalSection
	GlobalSection(SolutionProperties) = preSolution
		HideSolutionNode = FALSE
	EndGlobalSection
	GlobalSection(ExtensibilityGlobals) = postSolution
		SolutionGuid = {850876D4-889B-4D89-8CDA-F2D8E6C75C12}
	EndGlobalSection
EndGlobal
