
Microsoft Visual Studio Solution File, Format Version 12.00
# Visual Studio Version 17
VisualStudioVersion = 17.14.36429.23 d17.14
MinimumVisualStudioVersion = 10.0.40219.1
Project("{FAE04EC0-301F-11D3-BF4B-00C04F79EFBC}") = "ConsoleArrayApp", "ConsoleArrayApp\ConsoleArrayApp.csproj", "{2090074F-5A24-43A3-885C-CE57C98E6AF8}"
EndProject
Global
	GlobalSection(SolutionConfigurationPlatforms) = preSolution
		Debug|Any CPU = Debug|Any CPU
		Release|Any CPU = Release|Any CPU
	EndGlobalSection
	GlobalSection(ProjectConfigurationPlatforms) = postSolution
		{2090074F-5A24-43A3-885C-CE57C98E6AF8}.Debug|Any CPU.ActiveCfg = Debug|Any CPU
		{2090074F-5A24-43A3-885C-CE57C98E6AF8}.Debug|Any CPU.Build.0 = Debug|Any CPU
		{2090074F-5A24-43A3-885C-CE57C98E6AF8}.Release|Any CPU.ActiveCfg = Release|Any CPU
		{2090074F-5A24-43A3-885C-CE57C98E6AF8}.Release|Any CPU.Build.0 = Release|Any CPU
	EndGlobalSection
	GlobalSection(SolutionProperties) = preSolution
		HideSolutionNode = FALSE
	EndGlobalSection
	GlobalSection(ExtensibilityGlobals) = postSolution
		SolutionGuid = {2E53CFCB-D1C9-43D3-8346-30CEC6684863}
	EndGlobalSection
EndGlobal
